
Microsoft Visual Studio Solution File, Format Version 12.00
# Visual Studio Version 16
VisualStudioVersion = 16.0.31205.134
MinimumVisualStudioVersion = 10.0.40219.1
Project("{8BC9CEB8-8B4A-11D0-8D11-00A0C91BC942}") = "BlackMagic DeckLink SDK", "3rdparty\blackmagic_decklink\BlackMagicDeckLink.vcxproj", "{50140967-B11E-456F-8569-DAB06D2022D7}"
EndProject
Project("{8BC9CEB8-8B4A-11D0-8D11-00A0C91BC942}") = "Microsoft Directshow Baseclasses", "3rdparty\microsoft_directshow_baseclasses\MicrosoftDirectshowBaseclasses.vcxproj", "{FBC2D6CB-389E-4316-A41F-38B098E27AE1}"
EndProject
Project("{8BC9CEB8-8B4A-11D0-8D11-00A0C91BC942}") = "VideoProcessor", "src\VideoProcessor.vcxproj", "{814B3284-68A2-43FE-8FB9-0CC91EBBDE87}"
EndProject
Project("{8BC9CEB8-8B4A-11D0-8D11-00A0C91BC942}") = "LAVFilters", "3rdparty\lavfilters\LAVFilters.vcxproj", "{2D4880B2-B4BE-4BB4-A03E-3F4ECBB8BBC8}"
EndProject
Project("{8BC9CEB8-8B4A-11D0-8D11-00A0C91BC942}") = "ffmpeg", "3rdparty\ffmpeg\ffmpeg.vcxproj", "{D17C11DA-6E0A-4299-A9AB-6C55745BAC7C}"
EndProject
Project("{8BC9CEB8-8B4A-11D0-8D11-00A0C91BC942}") = "MPC Video Renderer", "3rdparty\mpc_video_renderer\mpc_video_renderer.vcxproj", "{0B36DE56-2A17-4819-82A9-C21CAA5FDD2B}"
EndProject
Global
	GlobalSection(SolutionConfigurationPlatforms) = preSolution
		Debug|x64 = Debug|x64
		PGO|x64 = PGO|x64
		Release|x64 = Release|x64
	EndGlobalSection
	GlobalSection(ProjectConfigurationPlatforms) = postSolution
		{50140967-B11E-456F-8569-DAB06D2022D7}.Debug|x64.ActiveCfg = Debug|x64
		{50140967-B11E-456F-8569-DAB06D2022D7}.Debug|x64.Build.0 = Debug|x64
		{50140967-B11E-456F-8569-DAB06D2022D7}.PGO|x64.ActiveCfg = PGO|x64
		{50140967-B11E-456F-8569-DAB06D2022D7}.PGO|x64.Build.0 = PGO|x64
		{50140967-B11E-456F-8569-DAB06D2022D7}.Release|x64.ActiveCfg = Release|x64
		{50140967-B11E-456F-8569-DAB06D2022D7}.Release|x64.Build.0 = Release|x64
		{FBC2D6CB-389E-4316-A41F-38B098E27AE1}.Debug|x64.ActiveCfg = Debug|x64
		{FBC2D6CB-389E-4316-A41F-38B098E27AE1}.Debug|x64.Build.0 = Debug|x64
		{FBC2D6CB-389E-4316-A41F-38B098E27AE1}.PGO|x64.ActiveCfg = PGO|x64
		{FBC2D6CB-389E-4316-A41F-38B098E27AE1}.PGO|x64.Build.0 = PGO|x64
		{FBC2D6CB-389E-4316-A41F-38B098E27AE1}.Release|x64.ActiveCfg = Release|x64
		{FBC2D6CB-389E-4316-A41F-38B098E27AE1}.Release|x64.Build.0 = Release|x64
		{814B3284-68A2-43FE-8FB9-0CC91EBBDE87}.Debug|x64.ActiveCfg = Debug|x64
		{814B3284-68A2-43FE-8FB9-0CC91EBBDE87}.Debug|x64.Build.0 = Debug|x64
		{814B3284-68A2-43FE-8FB9-0CC91EBBDE87}.PGO|x64.ActiveCfg = PGO|x64
		{814B3284-68A2-43FE-8FB9-0CC91EBBDE87}.PGO|x64.Build.0 = PGO|x64
		{814B3284-68A2-43FE-8FB9-0CC91EBBDE87}.Release|x64.ActiveCfg = Release|x64
		{814B3284-68A2-43FE-8FB9-0CC91EBBDE87}.Release|x64.Build.0 = Release|x64
		{2D4880B2-B4BE-4BB4-A03E-3F4ECBB8BBC8}.Debug|x64.ActiveCfg = Debug|x64
		{2D4880B2-B4BE-4BB4-A03E-3F4ECBB8BBC8}.Debug|x64.Build.0 = Debug|x64
		{2D4880B2-B4BE-4BB4-A03E-3F4ECBB8BBC8}.PGO|x64.ActiveCfg = PGO|x64
		{2D4880B2-B4BE-4BB4-A03E-3F4ECBB8BBC8}.PGO|x64.Build.0 = PGO|x64
		{2D4880B2-B4BE-4BB4-A03E-3F4ECBB8BBC8}.Release|x64.ActiveCfg = Release|x64
		{2D4880B2-B4BE-4BB4-A03E-3F4ECBB8BBC8}.Release|x64.Build.0 = Release|x64
		{D17C11DA-6E0A-4299-A9AB-6C55745BAC7C}.Debug|x64.ActiveCfg = Debug|x64
		{D17C11DA-6E0A-4299-A9AB-6C55745BAC7C}.Debug|x64.Build.0 = Debug|x64
		{D17C11DA-6E0A-4299-A9AB-6C55745BAC7C}.PGO|x64.ActiveCfg = PGO|x64
		{D17C11DA-6E0A-4299-A9AB-6C55745BAC7C}.PGO|x64.Build.0 = PGO|x64
		{D17C11DA-6E0A-4299-A9AB-6C55745BAC7C}.Release|x64.ActiveCfg = Release|x64
		{D17C11DA-6E0A-4299-A9AB-6C55745BAC7C}.Release|x64.Build.0 = Release|x64
		{0B36DE56-2A17-4819-82A9-C21CAA5FDD2B}.Debug|x64.ActiveCfg = Debug|x64
		{0B36DE56-2A17-4819-82A9-C21CAA5FDD2B}.Debug|x64.Build.0 = Debug|x64
		{0B36DE56-2A17-4819-82A9-C21CAA5FDD2B}.PGO|x64.ActiveCfg = PGO|x64
		{0B36DE56-2A17-4819-82A9-C21CAA5FDD2B}.PGO|x64.Build.0 = PGO|x64
		{0B36DE56-2A17-4819-82A9-C21CAA5FDD2B}.Release|x64.ActiveCfg = Release|x64
		{0B36DE56-2A17-4819-82A9-C21CAA5FDD2B}.Release|x64.Build.0 = Release|x64
	EndGlobalSection
	GlobalSection(SolutionProperties) = preSolution
		HideSolutionNode = FALSE
	EndGlobalSection
	GlobalSection(ExtensibilityGlobals) = postSolution
		SolutionGuid = {7B8F18A1-642E-4B86-953A-B17846B9501A}
	EndGlobalSection
EndGlobal
