
Microsoft Visual Studio Solution File, Format Version 12.00
# Visual Studio Version 16
VisualStudioVersion = 16.0.31205.134
MinimumVisualStudioVersion = 10.0.40219.1
Project("{8BC9CEB8-8B4A-11D0-8D11-00A0C91BC942}") = "BlackMagic DeckLink SDK", "3rdparty\blackmagic_decklink\BlackMagicDeckLink.vcxproj", "{50140967-B11E-456F-8569-DAB06D2022D7}"
EndProject
Project("{8BC9CEB8-8B4A-11D0-8D11-00A0C91BC942}") = "Microsoft Directshow Baseclasses", "3rdparty\microsoft_directshow_baseclasses\MicrosoftDirectshowBaseclasses.vcxproj", "{FBC2D6CB-389E-4316-A41F-38B098E27AE1}"
EndProject
Project("{8BC9CEB8-8B4A-11D0-8D11-00A0C91BC942}") = "LAVFilters", "3rdparty\lavfilters\LAVFilters.vcxproj", "{2D4880B2-B4BE-4BB4-A03E-3F4ECBB8BBC8}"
EndProject
Project("{8BC9CEB8-8B4A-11D0-8D11-00A0C91BC942}") = "ffmpeg", "3rdparty\ffmpeg\ffmpeg.vcxproj", "{D17C11DA-6E0A-4299-A9AB-6C55745BAC7C}"
EndProject
Project("{8BC9CEB8-8B4A-11D0-8D11-00A0C91BC942}") = "MPC Video Renderer", "3rdparty\mpc_video_renderer\mpc_video_renderer.vcxproj", "{0B36DE56-2A17-4819-82A9-C21CAA5FDD2B}"
EndProject
Project("{8BC9CEB8-8B4A-11D0-8D11-00A0C91BC942}") = "VideoProcessor-Lib", "src\VideoProcessor-Lib\VideoProcessor-Lib.vcxproj", "{85F8C0F9-AC94-470E-9302-16FC536E506F}"
EndProject
Project("{8BC9CEB8-8B4A-11D0-8D11-00A0C91BC942}") = "VideoProcessor-Test", "src\VideoProcessor-Test\VideoProcessor-Test.vcxproj.vcxproj", "{3AA709FC-45D4-4BB1-93B7-D0B513047A22}"
EndProject
Project("{8BC9CEB8-8B4A-11D0-8D11-00A0C91BC942}") = "VideoProcessor-GUI", "src\VideoProcessor-GUI\VideoProcessor-GUI.vcxproj", "{A2AF7B35-7B3A-496F-B181-CC5339562F7F}"
EndProject
Global
	GlobalSection(SolutionConfigurationPlatforms) = preSolution
		Debug|x64 = Debug|x64
		Debug|x86 = Debug|x86
		PGO|x64 = PGO|x64
		PGO|x86 = PGO|x86
		Release - Generate PGO|x64 = Release - Generate PGO|x64
		Release - Generate PGO|x86 = Release - Generate PGO|x86
		Release - PGO Generate|x64 = Release - PGO Generate|x64
		Release - PGO Generate|x86 = Release - PGO Generate|x86
		Release - PGO Optimize|x64 = Release - PGO Optimize|x64
		Release - PGO Optimize|x86 = Release - PGO Optimize|x86
		Release|x64 = Release|x64
		Release|x86 = Release|x86
	EndGlobalSection
	GlobalSection(ProjectConfigurationPlatforms) = postSolution
		{50140967-B11E-456F-8569-DAB06D2022D7}.Debug|x64.ActiveCfg = Debug|x64
		{50140967-B11E-456F-8569-DAB06D2022D7}.Debug|x64.Build.0 = Debug|x64
		{50140967-B11E-456F-8569-DAB06D2022D7}.Debug|x86.ActiveCfg = Debug|Win32
		{50140967-B11E-456F-8569-DAB06D2022D7}.Debug|x86.Build.0 = Debug|Win32
		{50140967-B11E-456F-8569-DAB06D2022D7}.PGO|x64.ActiveCfg = PGO|x64
		{50140967-B11E-456F-8569-DAB06D2022D7}.PGO|x64.Build.0 = PGO|x64
		{50140967-B11E-456F-8569-DAB06D2022D7}.PGO|x86.ActiveCfg = PGO|Win32
		{50140967-B11E-456F-8569-DAB06D2022D7}.PGO|x86.Build.0 = PGO|Win32
		{50140967-B11E-456F-8569-DAB06D2022D7}.Release - Generate PGO|x64.ActiveCfg = Release - Generate PGO|x64
		{50140967-B11E-456F-8569-DAB06D2022D7}.Release - Generate PGO|x64.Build.0 = Release - Generate PGO|x64
		{50140967-B11E-456F-8569-DAB06D2022D7}.Release - Generate PGO|x86.ActiveCfg = Release - Generate PGO|Win32
		{50140967-B11E-456F-8569-DAB06D2022D7}.Release - Generate PGO|x86.Build.0 = Release - Generate PGO|Win32
		{50140967-B11E-456F-8569-DAB06D2022D7}.Release - PGO Generate|x64.ActiveCfg = Release - PGO Generate|x64
		{50140967-B11E-456F-8569-DAB06D2022D7}.Release - PGO Generate|x64.Build.0 = Release - PGO Generate|x64
		{50140967-B11E-456F-8569-DAB06D2022D7}.Release - PGO Generate|x86.ActiveCfg = Release - PGO Generate|Win32
		{50140967-B11E-456F-8569-DAB06D2022D7}.Release - PGO Generate|x86.Build.0 = Release - PGO Generate|Win32
		{50140967-B11E-456F-8569-DAB06D2022D7}.Release - PGO Optimize|x64.ActiveCfg = Release - PGO Optimize|x64
		{50140967-B11E-456F-8569-DAB06D2022D7}.Release - PGO Optimize|x64.Build.0 = Release - PGO Optimize|x64
		{50140967-B11E-456F-8569-DAB06D2022D7}.Release - PGO Optimize|x86.ActiveCfg = Release - PGO Optimize|Win32
		{50140967-B11E-456F-8569-DAB06D2022D7}.Release - PGO Optimize|x86.Build.0 = Release - PGO Optimize|Win32
		{50140967-B11E-456F-8569-DAB06D2022D7}.Release|x64.ActiveCfg = Release|x64
		{50140967-B11E-456F-8569-DAB06D2022D7}.Release|x64.Build.0 = Release|x64
		{50140967-B11E-456F-8569-DAB06D2022D7}.Release|x86.ActiveCfg = Release|Win32
		{50140967-B11E-456F-8569-DAB06D2022D7}.Release|x86.Build.0 = Release|Win32
		{FBC2D6CB-389E-4316-A41F-38B098E27AE1}.Debug|x64.ActiveCfg = Debug|x64
		{FBC2D6CB-389E-4316-A41F-38B098E27AE1}.Debug|x64.Build.0 = Debug|x64
		{FBC2D6CB-389E-4316-A41F-38B098E27AE1}.Debug|x86.ActiveCfg = Debug|x64
		{FBC2D6CB-389E-4316-A41F-38B098E27AE1}.PGO|x64.ActiveCfg = PGO|x64
		{FBC2D6CB-389E-4316-A41F-38B098E27AE1}.PGO|x64.Build.0 = PGO|x64
		{FBC2D6CB-389E-4316-A41F-38B098E27AE1}.PGO|x86.ActiveCfg = PGO|x64
		{FBC2D6CB-389E-4316-A41F-38B098E27AE1}.Release - Generate PGO|x64.ActiveCfg = Release - Generate PGO|x64
		{FBC2D6CB-389E-4316-A41F-38B098E27AE1}.Release - Generate PGO|x64.Build.0 = Release - Generate PGO|x64
		{FBC2D6CB-389E-4316-A41F-38B098E27AE1}.Release - Generate PGO|x86.ActiveCfg = Release - Generate PGO|x64
		{FBC2D6CB-389E-4316-A41F-38B098E27AE1}.Release - PGO Generate|x64.ActiveCfg = Release - PGO Generate|x64
		{FBC2D6CB-389E-4316-A41F-38B098E27AE1}.Release - PGO Generate|x64.Build.0 = Release - PGO Generate|x64
		{FBC2D6CB-389E-4316-A41F-38B098E27AE1}.Release - PGO Generate|x86.ActiveCfg = Release - PGO Generate|x64
		{FBC2D6CB-389E-4316-A41F-38B098E27AE1}.Release - PGO Optimize|x64.ActiveCfg = Release - PGO Optimize|x64
		{FBC2D6CB-389E-4316-A41F-38B098E27AE1}.Release - PGO Optimize|x64.Build.0 = Release - PGO Optimize|x64
		{FBC2D6CB-389E-4316-A41F-38B098E27AE1}.Release - PGO Optimize|x86.ActiveCfg = Release - PGO Optimize|x64
		{FBC2D6CB-389E-4316-A41F-38B098E27AE1}.Release|x64.ActiveCfg = Release|x64
		{FBC2D6CB-389E-4316-A41F-38B098E27AE1}.Release|x64.Build.0 = Release|x64
		{FBC2D6CB-389E-4316-A41F-38B098E27AE1}.Release|x86.ActiveCfg = Release|x64
		{2D4880B2-B4BE-4BB4-A03E-3F4ECBB8BBC8}.Debug|x64.ActiveCfg = Debug|x64
		{2D4880B2-B4BE-4BB4-A03E-3F4ECBB8BBC8}.Debug|x64.Build.0 = Debug|x64
		{2D4880B2-B4BE-4BB4-A03E-3F4ECBB8BBC8}.Debug|x86.ActiveCfg = Debug|Win32
		{2D4880B2-B4BE-4BB4-A03E-3F4ECBB8BBC8}.Debug|x86.Build.0 = Debug|Win32
		{2D4880B2-B4BE-4BB4-A03E-3F4ECBB8BBC8}.PGO|x64.ActiveCfg = PGO|x64
		{2D4880B2-B4BE-4BB4-A03E-3F4ECBB8BBC8}.PGO|x64.Build.0 = PGO|x64
		{2D4880B2-B4BE-4BB4-A03E-3F4ECBB8BBC8}.PGO|x86.ActiveCfg = PGO|Win32
		{2D4880B2-B4BE-4BB4-A03E-3F4ECBB8BBC8}.PGO|x86.Build.0 = PGO|Win32
		{2D4880B2-B4BE-4BB4-A03E-3F4ECBB8BBC8}.Release - Generate PGO|x64.ActiveCfg = Release - Generate PGO|x64
		{2D4880B2-B4BE-4BB4-A03E-3F4ECBB8BBC8}.Release - Generate PGO|x64.Build.0 = Release - Generate PGO|x64
		{2D4880B2-B4BE-4BB4-A03E-3F4ECBB8BBC8}.Release - Generate PGO|x86.ActiveCfg = Release - Generate PGO|Win32
		{2D4880B2-B4BE-4BB4-A03E-3F4ECBB8BBC8}.Release - Generate PGO|x86.Build.0 = Release - Generate PGO|Win32
		{2D4880B2-B4BE-4BB4-A03E-3F4ECBB8BBC8}.Release - PGO Generate|x64.ActiveCfg = Release - PGO Generate|x64
		{2D4880B2-B4BE-4BB4-A03E-3F4ECBB8BBC8}.Release - PGO Generate|x64.Build.0 = Release - PGO Generate|x64
		{2D4880B2-B4BE-4BB4-A03E-3F4ECBB8BBC8}.Release - PGO Generate|x86.ActiveCfg = Release - PGO Generate|Win32
		{2D4880B2-B4BE-4BB4-A03E-3F4ECBB8BBC8}.Release - PGO Generate|x86.Build.0 = Release - PGO Generate|Win32
		{2D4880B2-B4BE-4BB4-A03E-3F4ECBB8BBC8}.Release - PGO Optimize|x64.ActiveCfg = Release - PGO Optimize|x64
		{2D4880B2-B4BE-4BB4-A03E-3F4ECBB8BBC8}.Release - PGO Optimize|x64.Build.0 = Release - PGO Optimize|x64
		{2D4880B2-B4BE-4BB4-A03E-3F4ECBB8BBC8}.Release - PGO Optimize|x86.ActiveCfg = Release - PGO Optimize|Win32
		{2D4880B2-B4BE-4BB4-A03E-3F4ECBB8BBC8}.Release - PGO Optimize|x86.Build.0 = Release - PGO Optimize|Win32
		{2D4880B2-B4BE-4BB4-A03E-3F4ECBB8BBC8}.Release|x64.ActiveCfg = Release|x64
		{2D4880B2-B4BE-4BB4-A03E-3F4ECBB8BBC8}.Release|x64.Build.0 = Release|x64
		{2D4880B2-B4BE-4BB4-A03E-3F4ECBB8BBC8}.Release|x86.ActiveCfg = Release|Win32
		{2D4880B2-B4BE-4BB4-A03E-3F4ECBB8BBC8}.Release|x86.Build.0 = Release|Win32
		{D17C11DA-6E0A-4299-A9AB-6C55745BAC7C}.Debug|x64.ActiveCfg = Debug|x64
		{D17C11DA-6E0A-4299-A9AB-6C55745BAC7C}.Debug|x64.Build.0 = Debug|x64
		{D17C11DA-6E0A-4299-A9AB-6C55745BAC7C}.Debug|x86.ActiveCfg = Debug|x64
		{D17C11DA-6E0A-4299-A9AB-6C55745BAC7C}.PGO|x64.ActiveCfg = PGO|x64
		{D17C11DA-6E0A-4299-A9AB-6C55745BAC7C}.PGO|x64.Build.0 = PGO|x64
		{D17C11DA-6E0A-4299-A9AB-6C55745BAC7C}.PGO|x86.ActiveCfg = PGO|x64
		{D17C11DA-6E0A-4299-A9AB-6C55745BAC7C}.Release - Generate PGO|x64.ActiveCfg = Release - Generate PGO|x64
		{D17C11DA-6E0A-4299-A9AB-6C55745BAC7C}.Release - Generate PGO|x64.Build.0 = Release - Generate PGO|x64
		{D17C11DA-6E0A-4299-A9AB-6C55745BAC7C}.Release - Generate PGO|x86.ActiveCfg = Release - Generate PGO|x64
		{D17C11DA-6E0A-4299-A9AB-6C55745BAC7C}.Release - PGO Generate|x64.ActiveCfg = Release - PGO Generate|x64
		{D17C11DA-6E0A-4299-A9AB-6C55745BAC7C}.Release - PGO Generate|x64.Build.0 = Release - PGO Generate|x64
		{D17C11DA-6E0A-4299-A9AB-6C55745BAC7C}.Release - PGO Generate|x86.ActiveCfg = Release - PGO Generate|x64
		{D17C11DA-6E0A-4299-A9AB-6C55745BAC7C}.Release - PGO Optimize|x64.ActiveCfg = Release - PGO Optimize|x64
		{D17C11DA-6E0A-4299-A9AB-6C55745BAC7C}.Release - PGO Optimize|x64.Build.0 = Release - PGO Optimize|x64
		{D17C11DA-6E0A-4299-A9AB-6C55745BAC7C}.Release - PGO Optimize|x86.ActiveCfg = Release - PGO Optimize|x64
		{D17C11DA-6E0A-4299-A9AB-6C55745BAC7C}.Release|x64.ActiveCfg = Release|x64
		{D17C11DA-6E0A-4299-A9AB-6C55745BAC7C}.Release|x64.Build.0 = Release|x64
		{D17C11DA-6E0A-4299-A9AB-6C55745BAC7C}.Release|x86.ActiveCfg = Release|x64
		{0B36DE56-2A17-4819-82A9-C21CAA5FDD2B}.Debug|x64.ActiveCfg = Debug|x64
		{0B36DE56-2A17-4819-82A9-C21CAA5FDD2B}.Debug|x64.Build.0 = Debug|x64
		{0B36DE56-2A17-4819-82A9-C21CAA5FDD2B}.Debug|x86.ActiveCfg = Debug|x64
		{0B36DE56-2A17-4819-82A9-C21CAA5FDD2B}.PGO|x64.ActiveCfg = PGO|x64
		{0B36DE56-2A17-4819-82A9-C21CAA5FDD2B}.PGO|x64.Build.0 = PGO|x64
		{0B36DE56-2A17-4819-82A9-C21CAA5FDD2B}.PGO|x86.ActiveCfg = PGO|x64
		{0B36DE56-2A17-4819-82A9-C21CAA5FDD2B}.Release - Generate PGO|x64.ActiveCfg = Release - Generate PGO|x64
		{0B36DE56-2A17-4819-82A9-C21CAA5FDD2B}.Release - Generate PGO|x64.Build.0 = Release - Generate PGO|x64
		{0B36DE56-2A17-4819-82A9-C21CAA5FDD2B}.Release - Generate PGO|x86.ActiveCfg = Release - Generate PGO|x64
		{0B36DE56-2A17-4819-82A9-C21CAA5FDD2B}.Release - PGO Generate|x64.ActiveCfg = Release - PGO Generate|x64
		{0B36DE56-2A17-4819-82A9-C21CAA5FDD2B}.Release - PGO Generate|x64.Build.0 = Release - PGO Generate|x64
		{0B36DE56-2A17-4819-82A9-C21CAA5FDD2B}.Release - PGO Generate|x86.ActiveCfg = Release - PGO Generate|x64
		{0B36DE56-2A17-4819-82A9-C21CAA5FDD2B}.Release - PGO Optimize|x64.ActiveCfg = Release - PGO Optimize|x64
		{0B36DE56-2A17-4819-82A9-C21CAA5FDD2B}.Release - PGO Optimize|x64.Build.0 = Release - PGO Optimize|x64
		{0B36DE56-2A17-4819-82A9-C21CAA5FDD2B}.Release - PGO Optimize|x86.ActiveCfg = Release - PGO Optimize|x64
		{0B36DE56-2A17-4819-82A9-C21CAA5FDD2B}.Release|x64.ActiveCfg = Release|x64
		{0B36DE56-2A17-4819-82A9-C21CAA5FDD2B}.Release|x64.Build.0 = Release|x64
		{0B36DE56-2A17-4819-82A9-C21CAA5FDD2B}.Release|x86.ActiveCfg = Release|x64
		{85F8C0F9-AC94-470E-9302-16FC536E506F}.Debug|x64.ActiveCfg = Debug|x64
		{85F8C0F9-AC94-470E-9302-16FC536E506F}.Debug|x64.Build.0 = Debug|x64
		{85F8C0F9-AC94-470E-9302-16FC536E506F}.Debug|x86.ActiveCfg = Debug|Win32
		{85F8C0F9-AC94-470E-9302-16FC536E506F}.Debug|x86.Build.0 = Debug|Win32
		{85F8C0F9-AC94-470E-9302-16FC536E506F}.PGO|x64.ActiveCfg = Debug|x64
		{85F8C0F9-AC94-470E-9302-16FC536E506F}.PGO|x64.Build.0 = Debug|x64
		{85F8C0F9-AC94-470E-9302-16FC536E506F}.PGO|x86.ActiveCfg = Debug|Win32
		{85F8C0F9-AC94-470E-9302-16FC536E506F}.PGO|x86.Build.0 = Debug|Win32
		{85F8C0F9-AC94-470E-9302-16FC536E506F}.Release - Generate PGO|x64.ActiveCfg = Release|x64
		{85F8C0F9-AC94-470E-9302-16FC536E506F}.Release - Generate PGO|x64.Build.0 = Release|x64
		{85F8C0F9-AC94-470E-9302-16FC536E506F}.Release - Generate PGO|x86.ActiveCfg = Release|Win32
		{85F8C0F9-AC94-470E-9302-16FC536E506F}.Release - Generate PGO|x86.Build.0 = Release|Win32
		{85F8C0F9-AC94-470E-9302-16FC536E506F}.Release - PGO Generate|x64.ActiveCfg = Release|x64
		{85F8C0F9-AC94-470E-9302-16FC536E506F}.Release - PGO Generate|x64.Build.0 = Release|x64
		{85F8C0F9-AC94-470E-9302-16FC536E506F}.Release - PGO Generate|x86.ActiveCfg = Release|Win32
		{85F8C0F9-AC94-470E-9302-16FC536E506F}.Release - PGO Generate|x86.Build.0 = Release|Win32
		{85F8C0F9-AC94-470E-9302-16FC536E506F}.Release - PGO Optimize|x64.ActiveCfg = Release|x64
		{85F8C0F9-AC94-470E-9302-16FC536E506F}.Release - PGO Optimize|x64.Build.0 = Release|x64
		{85F8C0F9-AC94-470E-9302-16FC536E506F}.Release - PGO Optimize|x86.ActiveCfg = Release|Win32
		{85F8C0F9-AC94-470E-9302-16FC536E506F}.Release - PGO Optimize|x86.Build.0 = Release|Win32
		{85F8C0F9-AC94-470E-9302-16FC536E506F}.Release|x64.ActiveCfg = Release|x64
		{85F8C0F9-AC94-470E-9302-16FC536E506F}.Release|x64.Build.0 = Release|x64
		{85F8C0F9-AC94-470E-9302-16FC536E506F}.Release|x86.ActiveCfg = Release|Win32
		{85F8C0F9-AC94-470E-9302-16FC536E506F}.Release|x86.Build.0 = Release|Win32
		{3AA709FC-45D4-4BB1-93B7-D0B513047A22}.Debug|x64.ActiveCfg = Debug|x64
		{3AA709FC-45D4-4BB1-93B7-D0B513047A22}.Debug|x64.Build.0 = Debug|x64
		{3AA709FC-45D4-4BB1-93B7-D0B513047A22}.Debug|x86.ActiveCfg = Debug|Win32
		{3AA709FC-45D4-4BB1-93B7-D0B513047A22}.Debug|x86.Build.0 = Debug|Win32
		{3AA709FC-45D4-4BB1-93B7-D0B513047A22}.PGO|x64.ActiveCfg = Debug|x64
		{3AA709FC-45D4-4BB1-93B7-D0B513047A22}.PGO|x64.Build.0 = Debug|x64
		{3AA709FC-45D4-4BB1-93B7-D0B513047A22}.PGO|x86.ActiveCfg = Debug|Win32
		{3AA709FC-45D4-4BB1-93B7-D0B513047A22}.PGO|x86.Build.0 = Debug|Win32
		{3AA709FC-45D4-4BB1-93B7-D0B513047A22}.Release - Generate PGO|x64.ActiveCfg = Release|x64
		{3AA709FC-45D4-4BB1-93B7-D0B513047A22}.Release - Generate PGO|x64.Build.0 = Release|x64
		{3AA709FC-45D4-4BB1-93B7-D0B513047A22}.Release - Generate PGO|x86.ActiveCfg = Release|Win32
		{3AA709FC-45D4-4BB1-93B7-D0B513047A22}.Release - Generate PGO|x86.Build.0 = Release|Win32
		{3AA709FC-45D4-4BB1-93B7-D0B513047A22}.Release - PGO Generate|x64.ActiveCfg = Release|x64
		{3AA709FC-45D4-4BB1-93B7-D0B513047A22}.Release - PGO Generate|x64.Build.0 = Release|x64
		{3AA709FC-45D4-4BB1-93B7-D0B513047A22}.Release - PGO Generate|x86.ActiveCfg = Release|Win32
		{3AA709FC-45D4-4BB1-93B7-D0B513047A22}.Release - PGO Generate|x86.Build.0 = Release|Win32
		{3AA709FC-45D4-4BB1-93B7-D0B513047A22}.Release - PGO Optimize|x64.ActiveCfg = Release|x64
		{3AA709FC-45D4-4BB1-93B7-D0B513047A22}.Release - PGO Optimize|x64.Build.0 = Release|x64
		{3AA709FC-45D4-4BB1-93B7-D0B513047A22}.Release - PGO Optimize|x86.ActiveCfg = Release|Win32
		{3AA709FC-45D4-4BB1-93B7-D0B513047A22}.Release - PGO Optimize|x86.Build.0 = Release|Win32
		{3AA709FC-45D4-4BB1-93B7-D0B513047A22}.Release|x64.ActiveCfg = Release|x64
		{3AA709FC-45D4-4BB1-93B7-D0B513047A22}.Release|x64.Build.0 = Release|x64
		{3AA709FC-45D4-4BB1-93B7-D0B513047A22}.Release|x86.ActiveCfg = Release|Win32
		{3AA709FC-45D4-4BB1-93B7-D0B513047A22}.Release|x86.Build.0 = Release|Win32
		{A2AF7B35-7B3A-496F-B181-CC5339562F7F}.Debug|x64.ActiveCfg = Debug|x64
		{A2AF7B35-7B3A-496F-B181-CC5339562F7F}.Debug|x64.Build.0 = Debug|x64
		{A2AF7B35-7B3A-496F-B181-CC5339562F7F}.Debug|x86.ActiveCfg = Debug|Win32
		{A2AF7B35-7B3A-496F-B181-CC5339562F7F}.Debug|x86.Build.0 = Debug|Win32
		{A2AF7B35-7B3A-496F-B181-CC5339562F7F}.PGO|x64.ActiveCfg = Debug|x64
		{A2AF7B35-7B3A-496F-B181-CC5339562F7F}.PGO|x64.Build.0 = Debug|x64
		{A2AF7B35-7B3A-496F-B181-CC5339562F7F}.PGO|x86.ActiveCfg = Debug|Win32
		{A2AF7B35-7B3A-496F-B181-CC5339562F7F}.PGO|x86.Build.0 = Debug|Win32
		{A2AF7B35-7B3A-496F-B181-CC5339562F7F}.Release - Generate PGO|x64.ActiveCfg = Release|x64
		{A2AF7B35-7B3A-496F-B181-CC5339562F7F}.Release - Generate PGO|x64.Build.0 = Release|x64
		{A2AF7B35-7B3A-496F-B181-CC5339562F7F}.Release - Generate PGO|x86.ActiveCfg = Release|Win32
		{A2AF7B35-7B3A-496F-B181-CC5339562F7F}.Release - Generate PGO|x86.Build.0 = Release|Win32
		{A2AF7B35-7B3A-496F-B181-CC5339562F7F}.Release - PGO Generate|x64.ActiveCfg = Release|x64
		{A2AF7B35-7B3A-496F-B181-CC5339562F7F}.Release - PGO Generate|x64.Build.0 = Release|x64
		{A2AF7B35-7B3A-496F-B181-CC5339562F7F}.Release - PGO Generate|x86.ActiveCfg = Release|Win32
		{A2AF7B35-7B3A-496F-B181-CC5339562F7F}.Release - PGO Generate|x86.Build.0 = Release|Win32
		{A2AF7B35-7B3A-496F-B181-CC5339562F7F}.Release - PGO Optimize|x64.ActiveCfg = Release|x64
		{A2AF7B35-7B3A-496F-B181-CC5339562F7F}.Release - PGO Optimize|x64.Build.0 = Release|x64
		{A2AF7B35-7B3A-496F-B181-CC5339562F7F}.Release - PGO Optimize|x86.ActiveCfg = Release|Win32
		{A2AF7B35-7B3A-496F-B181-CC5339562F7F}.Release - PGO Optimize|x86.Build.0 = Release|Win32
		{A2AF7B35-7B3A-496F-B181-CC5339562F7F}.Release|x64.ActiveCfg = Release|x64
		{A2AF7B35-7B3A-496F-B181-CC5339562F7F}.Release|x64.Build.0 = Release|x64
		{A2AF7B35-7B3A-496F-B181-CC5339562F7F}.Release|x86.ActiveCfg = Release|Win32
		{A2AF7B35-7B3A-496F-B181-CC5339562F7F}.Release|x86.Build.0 = Release|Win32
	EndGlobalSection
	GlobalSection(SolutionProperties) = preSolution
		HideSolutionNode = FALSE
	EndGlobalSection
	GlobalSection(ExtensibilityGlobals) = postSolution
		SolutionGuid = {7B8F18A1-642E-4B86-953A-B17846B9501A}
	EndGlobalSection
EndGlobal
