<?xml version="1.0" encoding="utf-8"?>
<Project ToolsVersion="4.0" xmlns="http://schemas.microsoft.com/developer/msbuild/2003">
  <ItemGroup>
    <Filter Include="Source Files">
      <UniqueIdentifier>{4FC737F1-C7A5-4376-A066-2A32D752A2FF}</UniqueIdentifier>
      <Extensions>cpp;c;cc;cxx;c++;cppm;ixx;def;odl;idl;hpj;bat;asm;asmx</Extensions>
    </Filter>
    <Filter Include="Header Files">
      <UniqueIdentifier>{93995380-89BD-4b04-88EB-625FBE52EBFB}</UniqueIdentifier>
      <Extensions>h;hh;hpp;hxx;h++;hm;inl;inc;ipp;xsd</Extensions>
    </Filter>
    <Filter Include="Resource Files">
      <UniqueIdentifier>{67DA6AB6-F800-4c08-8B7A-83BB121AAD01}</UniqueIdentifier>
      <Extensions>rc;ico;cur;bmp;dlg;rc2;rct;bin;rgs;gif;jpg;jpeg;jpe;resx;tiff;tif;png;wav;mfcribbon-ms</Extensions>
    </Filter>
    <Filter Include="Project files">
      <UniqueIdentifier>{6fb71771-7d4f-4744-988f-f4dd47fe7176}</UniqueIdentifier>
    </Filter>
    <Filter Include="Header Files\ffmpeg">
      <UniqueIdentifier>{b93e7145-46a8-417b-8857-53dd88c0bfa1}</UniqueIdentifier>
    </Filter>
    <Filter Include="Source Files\ffmpeg">
      <UniqueIdentifier>{baa50189-d57c-402f-a878-3519da21e837}</UniqueIdentifier>
    </Filter>
    <Filter Include="Header Files\blackmagic_decklink">
      <UniqueIdentifier>{82f518ac-3c6c-40bc-8322-80199b2cb3a7}</UniqueIdentifier>
    </Filter>
    <Filter Include="Source Files\blackmagic_decklink">
      <UniqueIdentifier>{81d6f01b-93b3-48b2-847d-965e931c0621}</UniqueIdentifier>
    </Filter>
    <Filter Include="Header Files\microsoft_directshow">
      <UniqueIdentifier>{2d4a1a4c-7001-4f99-bb63-db36ef997d64}</UniqueIdentifier>
    </Filter>
    <Filter Include="Source Files\microsoft_directshow">
      <UniqueIdentifier>{0e3eb404-5146-4860-bebe-bf060e4f7d54}</UniqueIdentifier>
    </Filter>
    <Filter Include="Header Files\microsoft_directshow\live_source_filter">
      <UniqueIdentifier>{a0b8b85f-39f8-453b-9fbe-01e57cafc24e}</UniqueIdentifier>
    </Filter>
    <Filter Include="Source Files\microsoft_directshow\live_source_filter">
      <UniqueIdentifier>{096b126d-0a30-4dbe-9c66-5c0d743bfb53}</UniqueIdentifier>
    </Filter>
    <Filter Include="Header Files\microsoft_directshow\madvr_renderer">
      <UniqueIdentifier>{9a794276-59b3-4d08-89ec-8ffdf187fda9}</UniqueIdentifier>
    </Filter>
    <Filter Include="Source Files\microsoft_directshow\madvr_renderer">
      <UniqueIdentifier>{7c1c5756-853b-4b7d-8bf8-c26501e7df2f}</UniqueIdentifier>
    </Filter>
    <Filter Include="Tools">
      <UniqueIdentifier>{fe9494c9-405a-408e-b9d8-c51b7b573c39}</UniqueIdentifier>
    </Filter>
  </ItemGroup>
  <ItemGroup>
    <ClInclude Include="VideoProcessorDlg.h">
      <Filter>Header Files</Filter>
    </ClInclude>
    <ClInclude Include="stdafx.h">
      <Filter>Header Files</Filter>
    </ClInclude>
    <ClInclude Include="VideoProcessorApp.h">
      <Filter>Header Files</Filter>
    </ClInclude>
    <ClInclude Include="resource.h">
      <Filter>Header Files</Filter>
    </ClInclude>
    <ClInclude Include="guid.h">
      <Filter>Header Files</Filter>
    </ClInclude>
    <ClInclude Include="cie.h">
      <Filter>Header Files</Filter>
    </ClInclude>
    <ClInclude Include="IRenderer.h">
      <Filter>Header Files</Filter>
    </ClInclude>
    <ClInclude Include="CaptureInput.h">
      <Filter>Header Files</Filter>
    </ClInclude>
    <ClInclude Include="ACaptureDevice.h">
      <Filter>Header Files</Filter>
    </ClInclude>
    <ClInclude Include="ACaptureDeviceDiscoverer.h">
      <Filter>Header Files</Filter>
    </ClInclude>
    <ClInclude Include="CCie1931Control.h">
      <Filter>Header Files</Filter>
    </ClInclude>
    <ClInclude Include="BitDepth.h">
      <Filter>Header Files</Filter>
    </ClInclude>
    <ClInclude Include="ColorSpace.h">
      <Filter>Header Files</Filter>
    </ClInclude>
    <ClInclude Include="Encoding.h">
      <Filter>Header Files</Filter>
    </ClInclude>
    <ClInclude Include="EOTF.h">
      <Filter>Header Files</Filter>
    </ClInclude>
    <ClInclude Include="PixelValueRange.h">
      <Filter>Header Files</Filter>
    </ClInclude>
    <ClInclude Include="InputLocked.h">
      <Filter>Header Files</Filter>
    </ClInclude>
    <ClInclude Include="PixelFormat.h">
      <Filter>Header Files</Filter>
    </ClInclude>
    <ClInclude Include="VideoFrame.h">
      <Filter>Header Files</Filter>
    </ClInclude>
    <ClInclude Include="VideoState.h">
      <Filter>Header Files</Filter>
    </ClInclude>
    <ClInclude Include="targetver.h">
      <Filter>Header Files</Filter>
    </ClInclude>
    <ClInclude Include="FullscreenWindow.h">
      <Filter>Header Files</Filter>
    </ClInclude>
    <ClInclude Include="DisplayMode.h">
      <Filter>Header Files</Filter>
    </ClInclude>
    <ClInclude Include="IVideoFrameFormatter.h">
      <Filter>Header Files</Filter>
    </ClInclude>
    <ClInclude Include="ffmpeg\CFFMpegDecoderVideoFrameFormatter.h">
      <Filter>Header Files\ffmpeg</Filter>
    </ClInclude>
    <ClInclude Include="blackmagic_decklink\BlackMagicDeckLinkTranslate.h">
      <Filter>Header Files\blackmagic_decklink</Filter>
    </ClInclude>
    <ClInclude Include="blackmagic_decklink\BlackMagicDeckLinkCaptureDevice.h">
      <Filter>Header Files\blackmagic_decklink</Filter>
    </ClInclude>
    <ClInclude Include="blackmagic_decklink\BlackMagicDeckLinkCaptureDeviceDiscoverer.h">
      <Filter>Header Files\blackmagic_decklink</Filter>
    </ClInclude>
    <ClInclude Include="microsoft_directshow\DirectShowDefines.h">
      <Filter>Header Files\microsoft_directshow</Filter>
    </ClInclude>
    <ClInclude Include="microsoft_directshow\DirectShowTranslations.h">
      <Filter>Header Files\microsoft_directshow</Filter>
    </ClInclude>
    <ClInclude Include="microsoft_directshow\live_source_filter\CLiveSource.h">
      <Filter>Header Files\microsoft_directshow\live_source_filter</Filter>
    </ClInclude>
    <ClInclude Include="microsoft_directshow\live_source_filter\ILiveSource.h">
      <Filter>Header Files\microsoft_directshow\live_source_filter</Filter>
    </ClInclude>
    <ClInclude Include="microsoft_directshow\madvr_renderer\DirectShowMadVRRenderer.h">
      <Filter>Header Files\microsoft_directshow\madvr_renderer</Filter>
    </ClInclude>
    <ClInclude Include="CNoopVideoFrameFormatter.h">
      <Filter>Header Files</Filter>
    </ClInclude>
    <ClInclude Include="WallClock.h">
      <Filter>Header Files</Filter>
    </ClInclude>
    <ClInclude Include="microsoft_directshow\DirectShowTimingClock.h">
      <Filter>Header Files\microsoft_directshow</Filter>
    </ClInclude>
    <ClInclude Include="ITimingClock.h">
      <Filter>Header Files</Filter>
    </ClInclude>
    <ClInclude Include="version.h">
      <Filter>Header Files</Filter>
    </ClInclude>
    <ClInclude Include="microsoft_directshow\live_source_filter\ALiveSourceVideoOutputPin.h">
      <Filter>Header Files\microsoft_directshow\live_source_filter</Filter>
    </ClInclude>
    <ClInclude Include="microsoft_directshow\live_source_filter\CUnbufferedLiveSourceVideoOutputPin.h">
      <Filter>Header Files\microsoft_directshow\live_source_filter</Filter>
    </ClInclude>
    <ClInclude Include="microsoft_directshow\live_source_filter\CBufferedLiveSourceVideoOutputPin.h">
      <Filter>Header Files\microsoft_directshow\live_source_filter</Filter>
    </ClInclude>
    <ClInclude Include="TimingClock.h">
      <Filter>Header Files</Filter>
    </ClInclude>
  </ItemGroup>
  <ItemGroup>
    <ClCompile Include="stdafx.cpp">
      <Filter>Source Files</Filter>
    </ClCompile>
    <ClCompile Include="VideoProcessorDlg.cpp">
      <Filter>Source Files</Filter>
    </ClCompile>
    <ClCompile Include="VideoProcessorApp.cpp">
      <Filter>Source Files</Filter>
    </ClCompile>
    <ClCompile Include="guid.cpp">
      <Filter>Source Files</Filter>
    </ClCompile>
    <ClCompile Include="cie.cpp">
      <Filter>Source Files</Filter>
    </ClCompile>
    <ClCompile Include="CaptureInput.cpp">
      <Filter>Source Files</Filter>
    </ClCompile>
    <ClCompile Include="ACaptureDevice.cpp">
      <Filter>Source Files</Filter>
    </ClCompile>
    <ClCompile Include="ACaptureDeviceDiscoverer.cpp">
      <Filter>Source Files</Filter>
    </ClCompile>
    <ClCompile Include="CCie1931Control.cpp">
      <Filter>Source Files</Filter>
    </ClCompile>
    <ClCompile Include="BitDepth.cpp">
      <Filter>Source Files</Filter>
    </ClCompile>
    <ClCompile Include="EOTF.cpp">
      <Filter>Source Files</Filter>
    </ClCompile>
    <ClCompile Include="InputLocked.cpp">
      <Filter>Source Files</Filter>
    </ClCompile>
    <ClCompile Include="PixelFormat.cpp">
      <Filter>Source Files</Filter>
    </ClCompile>
    <ClCompile Include="PixelValueRange.cpp">
      <Filter>Source Files</Filter>
    </ClCompile>
    <ClCompile Include="ColorSpace.cpp">
      <Filter>Source Files</Filter>
    </ClCompile>
    <ClCompile Include="DisplayMode.cpp">
      <Filter>Source Files</Filter>
    </ClCompile>
    <ClCompile Include="Encoding.cpp">
      <Filter>Source Files</Filter>
    </ClCompile>
    <ClCompile Include="VideoFrame.cpp">
      <Filter>Source Files</Filter>
    </ClCompile>
    <ClCompile Include="VideoState.cpp">
      <Filter>Source Files</Filter>
    </ClCompile>
    <ClCompile Include="HDRData.cpp">
      <Filter>Source Files</Filter>
    </ClCompile>
    <ClCompile Include="FullscreenWindow.cpp">
      <Filter>Source Files</Filter>
    </ClCompile>
    <ClCompile Include="ffmpeg\CFFMpegDecoderVideoFrameFormatter.cpp">
      <Filter>Source Files\ffmpeg</Filter>
    </ClCompile>
    <ClCompile Include="blackmagic_decklink\BlackMagicDeckLinkCaptureDevice.cpp">
      <Filter>Source Files\blackmagic_decklink</Filter>
    </ClCompile>
    <ClCompile Include="blackmagic_decklink\BlackMagicDeckLinkCaptureDeviceDiscoverer.cpp">
      <Filter>Source Files\blackmagic_decklink</Filter>
    </ClCompile>
    <ClCompile Include="blackmagic_decklink\BlackMagicDeckLinkTranslate.cpp">
      <Filter>Source Files\blackmagic_decklink</Filter>
    </ClCompile>
    <ClCompile Include="microsoft_directshow\DirectShowTranslations.cpp">
      <Filter>Source Files\microsoft_directshow</Filter>
    </ClCompile>
    <ClCompile Include="microsoft_directshow\live_source_filter\CLiveSource.cpp">
      <Filter>Source Files\microsoft_directshow\live_source_filter</Filter>
    </ClCompile>
    <ClCompile Include="microsoft_directshow\madvr_renderer\DirectShowMadVRRenderer.cpp">
      <Filter>Source Files\microsoft_directshow\madvr_renderer</Filter>
    </ClCompile>
    <ClCompile Include="CNoopVideoFrameFormatter.cpp">
      <Filter>Source Files</Filter>
    </ClCompile>
    <ClCompile Include="WallClock.cpp">
      <Filter>Source Files</Filter>
    </ClCompile>
    <ClCompile Include="microsoft_directshow\DirectShowTimingClock.cpp">
      <Filter>Source Files\microsoft_directshow</Filter>
    </ClCompile>
    <ClCompile Include="IRenderer.cpp">
      <Filter>Source Files</Filter>
    </ClCompile>
    <ClCompile Include="version.cpp">
      <Filter>Source Files</Filter>
    </ClCompile>
    <ClCompile Include="microsoft_directshow\live_source_filter\ALiveSourceVideoOutputPin.cpp">
      <Filter>Source Files\microsoft_directshow\live_source_filter</Filter>
    </ClCompile>
    <ClCompile Include="microsoft_directshow\live_source_filter\CUnbufferedLiveSourceVideoOutputPin.cpp">
      <Filter>Source Files\microsoft_directshow\live_source_filter</Filter>
    </ClCompile>
    <ClCompile Include="microsoft_directshow\live_source_filter\CBufferedLiveSourceVideoOutputPin.cpp">
      <Filter>Source Files\microsoft_directshow\live_source_filter</Filter>
    </ClCompile>
    <ClCompile Include="TimingClock.cpp">
      <Filter>Source Files</Filter>
    </ClCompile>
  </ItemGroup>
  <ItemGroup>
    <Image Include="..\images\cie1932xy.bmp">
      <Filter>Resource Files</Filter>
    </Image>
    <Image Include="..\images\VideoProcessor.ico">
      <Filter>Resource Files</Filter>
    </Image>
  </ItemGroup>
  <ItemGroup>
    <ResourceCompile Include="VideoProcessor.rc">
      <Filter>Resource Files</Filter>
    </ResourceCompile>
  </ItemGroup>
  <ItemGroup>
    <None Include="VideoProcessor.rc2">
      <Filter>Resource Files</Filter>
    </None>
    <None Include="..\README.md">
      <Filter>Project files</Filter>
    </None>
    <None Include="..\tools\generate_version.ps1">
      <Filter>Tools</Filter>
    </None>
  </ItemGroup>
  <ItemGroup>
    <Text Include="..\TODO.txt">
      <Filter>Project files</Filter>
    </Text>
    <Text Include="..\CHANGELOG.txt">
      <Filter>Project files</Filter>
    </Text>
  </ItemGroup>
</Project>